
Microsoft Visual Studio Solution File, Format Version 12.00
# Visual Studio Version 17
VisualStudioVersion = 17.0.32014.148
MinimumVisualStudioVersion = 10.0.40219.1
Project("{FAE04EC0-301F-11D3-BF4B-00C04F79EFBC}") = "Raducu_Alexandru_Gabriel_Proiect", "Raducu_Alexandru_Gabriel_Proiect.csproj", "{BD88FCDB-FCA2-490A-A911-4957C2DA78C7}"
EndProject
Global
	GlobalSection(SolutionConfigurationPlatforms) = preSolution
		Debug|Any CPU = Debug|Any CPU
		Release|Any CPU = Release|Any CPU
	EndGlobalSection
	GlobalSection(ProjectConfigurationPlatforms) = postSolution
		{BD88FCDB-FCA2-490A-A911-4957C2DA78C7}.Debug|Any CPU.ActiveCfg = Debug|Any CPU
		{BD88FCDB-FCA2-490A-A911-4957C2DA78C7}.Debug|Any CPU.Build.0 = Debug|Any CPU
		{BD88FCDB-FCA2-490A-A911-4957C2DA78C7}.Release|Any CPU.ActiveCfg = Release|Any CPU
		{BD88FCDB-FCA2-490A-A911-4957C2DA78C7}.Release|Any CPU.Build.0 = Release|Any CPU
	EndGlobalSection
	GlobalSection(SolutionProperties) = preSolution
		HideSolutionNode = FALSE
	EndGlobalSection
	GlobalSection(ExtensibilityGlobals) = postSolution
		SolutionGuid = {1CE545AE-7469-45F9-B349-271F8B66D268}
	EndGlobalSection
EndGlobal
